
Microsoft Visual Studio Solution File, Format Version 12.00
# Visual Studio Version 17
VisualStudioVersion = 17.8.34309.116
MinimumVisualStudioVersion = 10.0.40219.1
Project("{9A19103F-16F7-4668-BE54-9A1E7A4F7556}") = "Status.CodeFormatting", "Status.CodeFormatting\Status.CodeFormatting.csproj", "{36797DEB-5FCC-487E-BEFD-6111F8B1CEDD}"
EndProject
Project("{2150E333-8FDC-42A3-9474-1A3956D46DE8}") = "Solution Files", "Solution Files", "{2B8CCCD4-0C19-41A8-A3CA-3A44849C12F4}"
	ProjectSection(SolutionItems) = preProject
		.gitignore = .gitignore
		LICENSE = LICENSE
		publish.bat = publish.bat
		README.md = README.md
	EndProjectSection
EndProject
Global
	GlobalSection(SolutionConfigurationPlatforms) = preSolution
		Debug|Any CPU = Debug|Any CPU
		Release|Any CPU = Release|Any CPU
	EndGlobalSection
	GlobalSection(ProjectConfigurationPlatforms) = postSolution
		{36797DEB-5FCC-487E-BEFD-6111F8B1CEDD}.Debug|Any CPU.ActiveCfg = Debug|Any CPU
		{36797DEB-5FCC-487E-BEFD-6111F8B1CEDD}.Debug|Any CPU.Build.0 = Debug|Any CPU
		{36797DEB-5FCC-487E-BEFD-6111F8B1CEDD}.Release|Any CPU.ActiveCfg = Release|Any CPU
		{36797DEB-5FCC-487E-BEFD-6111F8B1CEDD}.Release|Any CPU.Build.0 = Release|Any CPU
	EndGlobalSection
	GlobalSection(SolutionProperties) = preSolution
		HideSolutionNode = FALSE
	EndGlobalSection
	GlobalSection(ExtensibilityGlobals) = postSolution
		SolutionGuid = {49ced8f4-33f5-4fa5-aa1c-1fcb0b59719b}
	EndGlobalSection
EndGlobal
